
Microsoft Visual Studio Solution File, Format Version 12.00
# Visual Studio Version 17
VisualStudioVersion = 17.4.33103.184
MinimumVisualStudioVersion = 10.0.40219.1
Project("{2150E333-8FDC-42A3-9474-1A3956D46DE8}") = "API", "API", "{880CD34B-AA7B-4D1C-B03D-5AF7ED6BEC33}"
EndProject
Project("{FAE04EC0-301F-11D3-BF4B-00C04F79EFBC}") = "ElasticSearch.API", "ElasticSearch.API\ElasticSearch.API.csproj", "{9A8972F4-6C8D-4F36-ADE6-DC4B5B321595}"
EndProject
Global
	GlobalSection(SolutionConfigurationPlatforms) = preSolution
		Debug|Any CPU = Debug|Any CPU
		Release|Any CPU = Release|Any CPU
	EndGlobalSection
	GlobalSection(ProjectConfigurationPlatforms) = postSolution
		{9A8972F4-6C8D-4F36-ADE6-DC4B5B321595}.Debug|Any CPU.ActiveCfg = Debug|Any CPU
		{9A8972F4-6C8D-4F36-ADE6-DC4B5B321595}.Debug|Any CPU.Build.0 = Debug|Any CPU
		{9A8972F4-6C8D-4F36-ADE6-DC4B5B321595}.Release|Any CPU.ActiveCfg = Release|Any CPU
		{9A8972F4-6C8D-4F36-ADE6-DC4B5B321595}.Release|Any CPU.Build.0 = Release|Any CPU
	EndGlobalSection
	GlobalSection(SolutionProperties) = preSolution
		HideSolutionNode = FALSE
	EndGlobalSection
	GlobalSection(NestedProjects) = preSolution
		{9A8972F4-6C8D-4F36-ADE6-DC4B5B321595} = {880CD34B-AA7B-4D1C-B03D-5AF7ED6BEC33}
	EndGlobalSection
	GlobalSection(ExtensibilityGlobals) = postSolution
		SolutionGuid = {A9B9EDF7-71FE-48D8-9AB0-133AA00D45BC}
	EndGlobalSection
EndGlobal
